
Microsoft Visual Studio Solution File, Format Version 12.00
# Visual Studio Version 16
VisualStudioVersion = 16.0.31613.86
MinimumVisualStudioVersion = 10.0.40219.1
Project("{9A19103F-16F7-4668-BE54-9A1E7A4F7556}") = "LevelDB.NET", "LevelDB.NET\LevelDB.NET.csproj", "{C8F8B318-15FE-4501-BD0C-ABC71D54BB6A}"
EndProject
Project("{9A19103F-16F7-4668-BE54-9A1E7A4F7556}") = "LevelDB.NET.Tests", "LevelDB.Tests\LevelDB.NET.Tests.csproj", "{04EBBDD8-828B-4990-B38B-78889AD9460A}"
EndProject
Global
	GlobalSection(SolutionConfigurationPlatforms) = preSolution
		Debug|Any CPU = Debug|Any CPU
		Release|Any CPU = Release|Any CPU
	EndGlobalSection
	GlobalSection(ProjectConfigurationPlatforms) = postSolution
		{C8F8B318-15FE-4501-BD0C-ABC71D54BB6A}.Debug|Any CPU.ActiveCfg = Debug|Any CPU
		{C8F8B318-15FE-4501-BD0C-ABC71D54BB6A}.Debug|Any CPU.Build.0 = Debug|Any CPU
		{C8F8B318-15FE-4501-BD0C-ABC71D54BB6A}.Release|Any CPU.ActiveCfg = Release|Any CPU
		{C8F8B318-15FE-4501-BD0C-ABC71D54BB6A}.Release|Any CPU.Build.0 = Release|Any CPU
		{04EBBDD8-828B-4990-B38B-78889AD9460A}.Debug|Any CPU.ActiveCfg = Debug|x64
		{04EBBDD8-828B-4990-B38B-78889AD9460A}.Debug|Any CPU.Build.0 = Debug|x64
		{04EBBDD8-828B-4990-B38B-78889AD9460A}.Release|Any CPU.ActiveCfg = Release|x86
	EndGlobalSection
	GlobalSection(SolutionProperties) = preSolution
		HideSolutionNode = FALSE
	EndGlobalSection
	GlobalSection(ExtensibilityGlobals) = postSolution
		SolutionGuid = {09AC440A-FBC9-4DC2-9B5F-14D94F35AD9F}
	EndGlobalSection
EndGlobal
